
Microsoft Visual Studio Solution File, Format Version 12.00
# Visual Studio 2013
VisualStudioVersion = 12.0.31101.0
MinimumVisualStudioVersion = 10.0.40219.1
Project("{FAE04EC0-301F-11D3-BF4B-00C04F79EFBC}") = "Irc4", "Irc4\Irc4.csproj", "{54922B77-B035-4AAE-A4C1-85D2A6C2C59B}"
EndProject
Project("{FAE04EC0-301F-11D3-BF4B-00C04F79EFBC}") = "Irc4TestForm", "TestForm\Irc4TestForm.csproj", "{68BAE6C9-DEFD-45F3-8B71-C6B990E447E4}"
EndProject
Project("{FAE04EC0-301F-11D3-BF4B-00C04F79EFBC}") = "Irc4Control", "Irc4Control\Irc4Control.csproj", "{1FF80769-201D-4C0A-AEA2-1B518C4118DE}"
EndProject
Project("{FAE04EC0-301F-11D3-BF4B-00C04F79EFBC}") = "UnitTestProject1", "UnitTestProject1\UnitTestProject1.csproj", "{C8406AF2-EA20-4823-92A9-1018FE599122}"
EndProject
Project("{FAE04EC0-301F-11D3-BF4B-00C04F79EFBC}") = "MyCommon", "..\MyCommon\MyCommon\MyCommon.csproj", "{96E6A872-52B6-4CB7-AA3E-51B1BC21C6AE}"
EndProject
Global
	GlobalSection(SolutionConfigurationPlatforms) = preSolution
		Debug|Any CPU = Debug|Any CPU
		Debug|x64 = Debug|x64
		Release|Any CPU = Release|Any CPU
		Release|x64 = Release|x64
	EndGlobalSection
	GlobalSection(ProjectConfigurationPlatforms) = postSolution
		{54922B77-B035-4AAE-A4C1-85D2A6C2C59B}.Debug|Any CPU.ActiveCfg = Debug|Any CPU
		{54922B77-B035-4AAE-A4C1-85D2A6C2C59B}.Debug|Any CPU.Build.0 = Debug|Any CPU
		{54922B77-B035-4AAE-A4C1-85D2A6C2C59B}.Debug|x64.ActiveCfg = Debug|Any CPU
		{54922B77-B035-4AAE-A4C1-85D2A6C2C59B}.Release|Any CPU.ActiveCfg = Release|Any CPU
		{54922B77-B035-4AAE-A4C1-85D2A6C2C59B}.Release|Any CPU.Build.0 = Release|Any CPU
		{54922B77-B035-4AAE-A4C1-85D2A6C2C59B}.Release|x64.ActiveCfg = Release|Any CPU
		{68BAE6C9-DEFD-45F3-8B71-C6B990E447E4}.Debug|Any CPU.ActiveCfg = Debug|Any CPU
		{68BAE6C9-DEFD-45F3-8B71-C6B990E447E4}.Debug|Any CPU.Build.0 = Debug|Any CPU
		{68BAE6C9-DEFD-45F3-8B71-C6B990E447E4}.Debug|x64.ActiveCfg = Debug|Any CPU
		{68BAE6C9-DEFD-45F3-8B71-C6B990E447E4}.Release|Any CPU.ActiveCfg = Release|Any CPU
		{68BAE6C9-DEFD-45F3-8B71-C6B990E447E4}.Release|Any CPU.Build.0 = Release|Any CPU
		{68BAE6C9-DEFD-45F3-8B71-C6B990E447E4}.Release|x64.ActiveCfg = Release|Any CPU
		{1FF80769-201D-4C0A-AEA2-1B518C4118DE}.Debug|Any CPU.ActiveCfg = Debug|Any CPU
		{1FF80769-201D-4C0A-AEA2-1B518C4118DE}.Debug|Any CPU.Build.0 = Debug|Any CPU
		{1FF80769-201D-4C0A-AEA2-1B518C4118DE}.Debug|x64.ActiveCfg = Debug|Any CPU
		{1FF80769-201D-4C0A-AEA2-1B518C4118DE}.Release|Any CPU.ActiveCfg = Release|Any CPU
		{1FF80769-201D-4C0A-AEA2-1B518C4118DE}.Release|Any CPU.Build.0 = Release|Any CPU
		{1FF80769-201D-4C0A-AEA2-1B518C4118DE}.Release|x64.ActiveCfg = Release|Any CPU
		{C8406AF2-EA20-4823-92A9-1018FE599122}.Debug|Any CPU.ActiveCfg = Debug|Any CPU
		{C8406AF2-EA20-4823-92A9-1018FE599122}.Debug|Any CPU.Build.0 = Debug|Any CPU
		{C8406AF2-EA20-4823-92A9-1018FE599122}.Debug|x64.ActiveCfg = Debug|Any CPU
		{C8406AF2-EA20-4823-92A9-1018FE599122}.Release|Any CPU.ActiveCfg = Release|Any CPU
		{C8406AF2-EA20-4823-92A9-1018FE599122}.Release|Any CPU.Build.0 = Release|Any CPU
		{C8406AF2-EA20-4823-92A9-1018FE599122}.Release|x64.ActiveCfg = Release|Any CPU
		{96E6A872-52B6-4CB7-AA3E-51B1BC21C6AE}.Debug|Any CPU.ActiveCfg = Debug|Any CPU
		{96E6A872-52B6-4CB7-AA3E-51B1BC21C6AE}.Debug|Any CPU.Build.0 = Debug|Any CPU
		{96E6A872-52B6-4CB7-AA3E-51B1BC21C6AE}.Debug|x64.ActiveCfg = Debug|Any CPU
		{96E6A872-52B6-4CB7-AA3E-51B1BC21C6AE}.Release|Any CPU.ActiveCfg = Release|Any CPU
		{96E6A872-52B6-4CB7-AA3E-51B1BC21C6AE}.Release|Any CPU.Build.0 = Release|Any CPU
		{96E6A872-52B6-4CB7-AA3E-51B1BC21C6AE}.Release|x64.ActiveCfg = Release|Any CPU
	EndGlobalSection
	GlobalSection(SolutionProperties) = preSolution
		HideSolutionNode = FALSE
	EndGlobalSection
EndGlobal
